// !$*UTF8*$!
{
	archiveVersion = 1;
	classes = {
	};
	objectVersion = 55;
	objects = {

/* Begin PBXBuildFile section */
		D23DA66228537EB60061CAE0 /* VoiceTestApp.swift in Sources */ = {isa = PBXBuildFile; fileRef = D23DA66128537EB60061CAE0 /* VoiceTestApp.swift */; };
		D23DA66428537EB60061CAE0 /* ContentView.swift in Sources */ = {isa = PBXBuildFile; fileRef = D23DA66328537EB60061CAE0 /* ContentView.swift */; };
		D23DA66628537EB70061CAE0 /* Assets.xcassets in Resources */ = {isa = PBXBuildFile; fileRef = D23DA66528537EB70061CAE0 /* Assets.xcassets */; };
		D23DA66928537EB70061CAE0 /* Preview Assets.xcassets in Resources */ = {isa = PBXBuildFile; fileRef = D23DA66828537EB70061CAE0 /* Preview Assets.xcassets */; };
		D23DA677285382A00061CAE0 /* AudioCallbacks.cpp in Sources */ = {isa = PBXBuildFile; fileRef = D23DA675285382A00061CAE0 /* AudioCallbacks.cpp */; };
		D23DA679285384720061CAE0 /* Audio.swift in Sources */ = {isa = PBXBuildFile; fileRef = D23DA678285384720061CAE0 /* Audio.swift */; };
		D23DA67B285391380061CAE0 /* Devices+Formats.swift in Sources */ = {isa = PBXBuildFile; fileRef = D23DA67A285391380061CAE0 /* Devices+Formats.swift */; };
		D23DA67E28539D5B0061CAE0 /* TPCircularBuffer in Frameworks */ = {isa = PBXBuildFile; productRef = D23DA67D28539D5B0061CAE0 /* TPCircularBuffer */; };
		D23DA68128539DA10061CAE0 /* CircularBufferBridge.cpp in Sources */ = {isa = PBXBuildFile; fileRef = D23DA67F28539DA10061CAE0 /* CircularBufferBridge.cpp */; };
		D23DA68428539DDB0061CAE0 /* CircularBuffer.swift in Sources */ = {isa = PBXBuildFile; fileRef = D23DA68328539DDB0061CAE0 /* CircularBuffer.swift */; };
/* End PBXBuildFile section */

/* Begin PBXFileReference section */
		D23DA65E28537EB60061CAE0 /* VoiceTest.app */ = {isa = PBXFileReference; explicitFileType = wrapper.application; includeInIndex = 0; path = VoiceTest.app; sourceTree = BUILT_PRODUCTS_DIR; };
		D23DA66128537EB60061CAE0 /* VoiceTestApp.swift */ = {isa = PBXFileReference; lastKnownFileType = sourcecode.swift; path = VoiceTestApp.swift; sourceTree = "<group>"; };
		D23DA66328537EB60061CAE0 /* ContentView.swift */ = {isa = PBXFileReference; lastKnownFileType = sourcecode.swift; path = ContentView.swift; sourceTree = "<group>"; };
		D23DA66528537EB70061CAE0 /* Assets.xcassets */ = {isa = PBXFileReference; lastKnownFileType = folder.assetcatalog; path = Assets.xcassets; sourceTree = "<group>"; };
		D23DA66828537EB70061CAE0 /* Preview Assets.xcassets */ = {isa = PBXFileReference; lastKnownFileType = folder.assetcatalog; path = "Preview Assets.xcassets"; sourceTree = "<group>"; };
		D23DA66A28537EB70061CAE0 /* VoiceTest.entitlements */ = {isa = PBXFileReference; lastKnownFileType = text.plist.entitlements; path = VoiceTest.entitlements; sourceTree = "<group>"; };
		D23DA67028537EEB0061CAE0 /* Info.plist */ = {isa = PBXFileReference; lastKnownFileType = text.plist; path = Info.plist; sourceTree = "<group>"; };
		D23DA671285381ED0061CAE0 /* VoiceTest-Bridging-Header.h */ = {isa = PBXFileReference; lastKnownFileType = sourcecode.c.h; path = "VoiceTest-Bridging-Header.h"; sourceTree = "<group>"; };
		D23DA675285382A00061CAE0 /* AudioCallbacks.cpp */ = {isa = PBXFileReference; lastKnownFileType = sourcecode.cpp.cpp; path = AudioCallbacks.cpp; sourceTree = "<group>"; };
		D23DA676285382A00061CAE0 /* AudioCallbacks.hpp */ = {isa = PBXFileReference; lastKnownFileType = sourcecode.cpp.h; path = AudioCallbacks.hpp; sourceTree = "<group>"; };
		D23DA678285384720061CAE0 /* Audio.swift */ = {isa = PBXFileReference; lastKnownFileType = sourcecode.swift; path = Audio.swift; sourceTree = "<group>"; };
		D23DA67A285391380061CAE0 /* Devices+Formats.swift */ = {isa = PBXFileReference; lastKnownFileType = sourcecode.swift; path = "Devices+Formats.swift"; sourceTree = "<group>"; };
		D23DA67F28539DA10061CAE0 /* CircularBufferBridge.cpp */ = {isa = PBXFileReference; fileEncoding = 4; lastKnownFileType = sourcecode.cpp.cpp; path = CircularBufferBridge.cpp; sourceTree = "<group>"; };
		D23DA68028539DA10061CAE0 /* CircularBufferBridge.hpp */ = {isa = PBXFileReference; fileEncoding = 4; lastKnownFileType = sourcecode.cpp.h; path = CircularBufferBridge.hpp; sourceTree = "<group>"; };
		D23DA68328539DDB0061CAE0 /* CircularBuffer.swift */ = {isa = PBXFileReference; lastKnownFileType = sourcecode.swift; path = CircularBuffer.swift; sourceTree = "<group>"; };
/* End PBXFileReference section */

/* Begin PBXFrameworksBuildPhase section */
		D23DA65B28537EB60061CAE0 /* Frameworks */ = {
			isa = PBXFrameworksBuildPhase;
			buildActionMask = 2147483647;
			files = (
				D23DA67E28539D5B0061CAE0 /* TPCircularBuffer in Frameworks */,
			);
			runOnlyForDeploymentPostprocessing = 0;
		};
/* End PBXFrameworksBuildPhase section */

/* Begin PBXGroup section */
		D23DA65528537EB60061CAE0 = {
			isa = PBXGroup;
			children = (
				D23DA66028537EB60061CAE0 /* VoiceTest */,
				D23DA65F28537EB60061CAE0 /* Products */,
			);
			sourceTree = "<group>";
		};
		D23DA65F28537EB60061CAE0 /* Products */ = {
			isa = PBXGroup;
			children = (
				D23DA65E28537EB60061CAE0 /* VoiceTest.app */,
			);
			name = Products;
			sourceTree = "<group>";
		};
		D23DA66028537EB60061CAE0 /* VoiceTest */ = {
			isa = PBXGroup;
			children = (
				D23DA67028537EEB0061CAE0 /* Info.plist */,
				D23DA66128537EB60061CAE0 /* VoiceTestApp.swift */,
				D23DA66328537EB60061CAE0 /* ContentView.swift */,
				D23DA678285384720061CAE0 /* Audio.swift */,
				D23DA67A285391380061CAE0 /* Devices+Formats.swift */,
				D23DA675285382A00061CAE0 /* AudioCallbacks.cpp */,
				D23DA676285382A00061CAE0 /* AudioCallbacks.hpp */,
				D23DA68228539DA70061CAE0 /* CircularBuffer */,
				D23DA66528537EB70061CAE0 /* Assets.xcassets */,
				D23DA66A28537EB70061CAE0 /* VoiceTest.entitlements */,
				D23DA66728537EB70061CAE0 /* Preview Content */,
				D23DA671285381ED0061CAE0 /* VoiceTest-Bridging-Header.h */,
			);
			path = VoiceTest;
			sourceTree = "<group>";
		};
		D23DA66728537EB70061CAE0 /* Preview Content */ = {
			isa = PBXGroup;
			children = (
				D23DA66828537EB70061CAE0 /* Preview Assets.xcassets */,
			);
			path = "Preview Content";
			sourceTree = "<group>";
		};
		D23DA68228539DA70061CAE0 /* CircularBuffer */ = {
			isa = PBXGroup;
			children = (
				D23DA68328539DDB0061CAE0 /* CircularBuffer.swift */,
				D23DA67F28539DA10061CAE0 /* CircularBufferBridge.cpp */,
				D23DA68028539DA10061CAE0 /* CircularBufferBridge.hpp */,
			);
			path = CircularBuffer;
			sourceTree = "<group>";
		};
/* End PBXGroup section */

/* Begin PBXNativeTarget section */
		D23DA65D28537EB60061CAE0 /* VoiceTest */ = {
			isa = PBXNativeTarget;
			buildConfigurationList = D23DA66D28537EB70061CAE0 /* Build configuration list for PBXNativeTarget "VoiceTest" */;
			buildPhases = (
				D23DA65A28537EB60061CAE0 /* Sources */,
				D23DA65B28537EB60061CAE0 /* Frameworks */,
				D23DA65C28537EB60061CAE0 /* Resources */,
			);
			buildRules = (
			);
			dependencies = (
			);
			name = VoiceTest;
			packageProductDependencies = (
				D23DA67D28539D5B0061CAE0 /* TPCircularBuffer */,
			);
			productName = VoiceTest;
			productReference = D23DA65E28537EB60061CAE0 /* VoiceTest.app */;
			productType = "com.apple.product-type.application";
		};
/* End PBXNativeTarget section */

/* Begin PBXProject section */
		D23DA65628537EB60061CAE0 /* Project object */ = {
			isa = PBXProject;
			attributes = {
				BuildIndependentTargetsInParallel = 1;
				LastSwiftUpdateCheck = 1330;
				LastUpgradeCheck = 1330;
				TargetAttributes = {
					D23DA65D28537EB60061CAE0 = {
						CreatedOnToolsVersion = 13.3.1;
						LastSwiftMigration = 1330;
					};
				};
			};
			buildConfigurationList = D23DA65928537EB60061CAE0 /* Build configuration list for PBXProject "VoiceTest" */;
			compatibilityVersion = "Xcode 13.0";
			developmentRegion = en;
			hasScannedForEncodings = 0;
			knownRegions = (
				en,
				Base,
			);
			mainGroup = D23DA65528537EB60061CAE0;
			packageReferences = (
				D23DA67C28539D5B0061CAE0 /* XCRemoteSwiftPackageReference "TPCircularBuffer" */,
			);
			productRefGroup = D23DA65F28537EB60061CAE0 /* Products */;
			projectDirPath = "";
			projectRoot = "";
			targets = (
				D23DA65D28537EB60061CAE0 /* VoiceTest */,
			);
		};
/* End PBXProject section */

/* Begin PBXResourcesBuildPhase section */
		D23DA65C28537EB60061CAE0 /* Resources */ = {
			isa = PBXResourcesBuildPhase;
			buildActionMask = 2147483647;
			files = (
				D23DA66928537EB70061CAE0 /* Preview Assets.xcassets in Resources */,
				D23DA66628537EB70061CAE0 /* Assets.xcassets in Resources */,
			);
			runOnlyForDeploymentPostprocessing = 0;
		};
/* End PBXResourcesBuildPhase section */

/* Begin PBXSourcesBuildPhase section */
		D23DA65A28537EB60061CAE0 /* Sources */ = {
			isa = PBXSourcesBuildPhase;
			buildActionMask = 2147483647;
			files = (
				D23DA679285384720061CAE0 /* Audio.swift in Sources */,
				D23DA68428539DDB0061CAE0 /* CircularBuffer.swift in Sources */,
				D23DA677285382A00061CAE0 /* AudioCallbacks.cpp in Sources */,
				D23DA67B285391380061CAE0 /* Devices+Formats.swift in Sources */,
				D23DA66428537EB60061CAE0 /* ContentView.swift in Sources */,
				D23DA66228537EB60061CAE0 /* VoiceTestApp.swift in Sources */,
				D23DA68128539DA10061CAE0 /* CircularBufferBridge.cpp in Sources */,
			);
			runOnlyForDeploymentPostprocessing = 0;
		};
/* End PBXSourcesBuildPhase section */

/* Begin XCBuildConfiguration section */
		D23DA66B28537EB70061CAE0 /* Debug */ = {
			isa = XCBuildConfiguration;
			buildSettings = {
				ALWAYS_SEARCH_USER_PATHS = NO;
				CLANG_ANALYZER_NONNULL = YES;
				CLANG_ANALYZER_NUMBER_OBJECT_CONVERSION = YES_AGGRESSIVE;
				CLANG_CXX_LANGUAGE_STANDARD = "gnu++17";
				CLANG_ENABLE_MODULES = YES;
				CLANG_ENABLE_OBJC_ARC = YES;
				CLANG_ENABLE_OBJC_WEAK = YES;
				CLANG_WARN_BLOCK_CAPTURE_AUTORELEASING = YES;
				CLANG_WARN_BOOL_CONVERSION = YES;
				CLANG_WARN_COMMA = YES;
				CLANG_WARN_CONSTANT_CONVERSION = YES;
				CLANG_WARN_DEPRECATED_OBJC_IMPLEMENTATIONS = YES;
				CLANG_WARN_DIRECT_OBJC_ISA_USAGE = YES_ERROR;
				CLANG_WARN_DOCUMENTATION_COMMENTS = YES;
				CLANG_WARN_EMPTY_BODY = YES;
				CLANG_WARN_ENUM_CONVERSION = YES;
				CLANG_WARN_INFINITE_RECURSION = YES;
				CLANG_WARN_INT_CONVERSION = YES;
				CLANG_WARN_NON_LITERAL_NULL_CONVERSION = YES;
				CLANG_WARN_OBJC_IMPLICIT_RETAIN_SELF = YES;
				CLANG_WARN_OBJC_LITERAL_CONVERSION = YES;
				CLANG_WARN_OBJC_ROOT_CLASS = YES_ERROR;
				CLANG_WARN_QUOTED_INCLUDE_IN_FRAMEWORK_HEADER = YES;
				CLANG_WARN_RANGE_LOOP_ANALYSIS = YES;
				CLANG_WARN_STRICT_PROTOTYPES = YES;
				CLANG_WARN_SUSPICIOUS_MOVE = YES;
				CLANG_WARN_UNGUARDED_AVAILABILITY = YES_AGGRESSIVE;
				CLANG_WARN_UNREACHABLE_CODE = YES;
				CLANG_WARN__DUPLICATE_METHOD_MATCH = YES;
				COPY_PHASE_STRIP = NO;
				DEBUG_INFORMATION_FORMAT = dwarf;
				ENABLE_STRICT_OBJC_MSGSEND = YES;
				ENABLE_TESTABILITY = YES;
				GCC_C_LANGUAGE_STANDARD = gnu11;
				GCC_DYNAMIC_NO_PIC = NO;
				GCC_NO_COMMON_BLOCKS = YES;
				GCC_OPTIMIZATION_LEVEL = 0;
				GCC_PREPROCESSOR_DEFINITIONS = (
					"DEBUG=1",
					"$(inherited)",
				);
				GCC_WARN_64_TO_32_BIT_CONVERSION = YES;
				GCC_WARN_ABOUT_RETURN_TYPE = YES_ERROR;
				GCC_WARN_UNDECLARED_SELECTOR = YES;
				GCC_WARN_UNINITIALIZED_AUTOS = YES_AGGRESSIVE;
				GCC_WARN_UNUSED_FUNCTION = YES;
				GCC_WARN_UNUSED_VARIABLE = YES;
				MACOSX_DEPLOYMENT_TARGET = 12.3;
				MTL_ENABLE_DEBUG_INFO = INCLUDE_SOURCE;
				MTL_FAST_MATH = YES;
				ONLY_ACTIVE_ARCH = YES;
				SDKROOT = macosx;
				SWIFT_ACTIVE_COMPILATION_CONDITIONS = DEBUG;
				SWIFT_OPTIMIZATION_LEVEL = "-Onone";
			};
			name = Debug;
		};
		D23DA66C28537EB70061CAE0 /* Release */ = {
			isa = XCBuildConfiguration;
			buildSettings = {
				ALWAYS_SEARCH_USER_PATHS = NO;
				CLANG_ANALYZER_NONNULL = YES;
				CLANG_ANALYZER_NUMBER_OBJECT_CONVERSION = YES_AGGRESSIVE;
				CLANG_CXX_LANGUAGE_STANDARD = "gnu++17";
				CLANG_ENABLE_MODULES = YES;
				CLANG_ENABLE_OBJC_ARC = YES;
				CLANG_ENABLE_OBJC_WEAK = YES;
				CLANG_WARN_BLOCK_CAPTURE_AUTORELEASING = YES;
				CLANG_WARN_BOOL_CONVERSION = YES;
				CLANG_WARN_COMMA = YES;
				CLANG_WARN_CONSTANT_CONVERSION = YES;
				CLANG_WARN_DEPRECATED_OBJC_IMPLEMENTATIONS = YES;
				CLANG_WARN_DIRECT_OBJC_ISA_USAGE = YES_ERROR;
				CLANG_WARN_DOCUMENTATION_COMMENTS = YES;
				CLANG_WARN_EMPTY_BODY = YES;
				CLANG_WARN_ENUM_CONVERSION = YES;
				CLANG_WARN_INFINITE_RECURSION = YES;
				CLANG_WARN_INT_CONVERSION = YES;
				CLANG_WARN_NON_LITERAL_NULL_CONVERSION = YES;
				CLANG_WARN_OBJC_IMPLICIT_RETAIN_SELF = YES;
				CLANG_WARN_OBJC_LITERAL_CONVERSION = YES;
				CLANG_WARN_OBJC_ROOT_CLASS = YES_ERROR;
				CLANG_WARN_QUOTED_INCLUDE_IN_FRAMEWORK_HEADER = YES;
				CLANG_WARN_RANGE_LOOP_ANALYSIS = YES;
				CLANG_WARN_STRICT_PROTOTYPES = YES;
				CLANG_WARN_SUSPICIOUS_MOVE = YES;
				CLANG_WARN_UNGUARDED_AVAILABILITY = YES_AGGRESSIVE;
				CLANG_WARN_UNREACHABLE_CODE = YES;
				CLANG_WARN__DUPLICATE_METHOD_MATCH = YES;
				COPY_PHASE_STRIP = NO;
				DEBUG_INFORMATION_FORMAT = "dwarf-with-dsym";
				ENABLE_NS_ASSERTIONS = NO;
				ENABLE_STRICT_OBJC_MSGSEND = YES;
				GCC_C_LANGUAGE_STANDARD = gnu11;
				GCC_NO_COMMON_BLOCKS = YES;
				GCC_WARN_64_TO_32_BIT_CONVERSION = YES;
				GCC_WARN_ABOUT_RETURN_TYPE = YES_ERROR;
				GCC_WARN_UNDECLARED_SELECTOR = YES;
				GCC_WARN_UNINITIALIZED_AUTOS = YES_AGGRESSIVE;
				GCC_WARN_UNUSED_FUNCTION = YES;
				GCC_WARN_UNUSED_VARIABLE = YES;
				MACOSX_DEPLOYMENT_TARGET = 12.3;
				MTL_ENABLE_DEBUG_INFO = NO;
				MTL_FAST_MATH = YES;
				SDKROOT = macosx;
				SWIFT_COMPILATION_MODE = wholemodule;
				SWIFT_OPTIMIZATION_LEVEL = "-O";
			};
			name = Release;
		};
		D23DA66E28537EB70061CAE0 /* Debug */ = {
			isa = XCBuildConfiguration;
			buildSettings = {
				ASSETCATALOG_COMPILER_APPICON_NAME = AppIcon;
				ASSETCATALOG_COMPILER_GLOBAL_ACCENT_COLOR_NAME = AccentColor;
				CLANG_ENABLE_MODULES = YES;
				CODE_SIGN_ENTITLEMENTS = VoiceTest/VoiceTest.entitlements;
				CODE_SIGN_STYLE = Automatic;
				COMBINE_HIDPI_IMAGES = YES;
				CURRENT_PROJECT_VERSION = 1;
				DEVELOPMENT_ASSET_PATHS = "\"VoiceTest/Preview Content\"";
				DEVELOPMENT_TEAM = PU59A74F57;
				ENABLE_HARDENED_RUNTIME = YES;
				ENABLE_PREVIEWS = YES;
				GENERATE_INFOPLIST_FILE = YES;
				INFOPLIST_FILE = VoiceTest/Info.plist;
				INFOPLIST_KEY_NSHumanReadableCopyright = "";
				INFOPLIST_KEY_NSMicrophoneUsageDescription = Microphone;
				LD_RUNPATH_SEARCH_PATHS = (
					"$(inherited)",
					"@executable_path/../Frameworks",
				);
				MARKETING_VERSION = 1.0;
				PRODUCT_BUNDLE_IDENTIFIER = com.johnnastos.VoiceTest;
				PRODUCT_NAME = "$(TARGET_NAME)";
				SWIFT_EMIT_LOC_STRINGS = YES;
				SWIFT_OBJC_BRIDGING_HEADER = "VoiceTest/VoiceTest-Bridging-Header.h";
				SWIFT_OPTIMIZATION_LEVEL = "-Onone";
				SWIFT_VERSION = 5.0;
			};
			name = Debug;
		};
		D23DA66F28537EB70061CAE0 /* Release */ = {
			isa = XCBuildConfiguration;
			buildSettings = {
				ASSETCATALOG_COMPILER_APPICON_NAME = AppIcon;
				ASSETCATALOG_COMPILER_GLOBAL_ACCENT_COLOR_NAME = AccentColor;
				CLANG_ENABLE_MODULES = YES;
				CODE_SIGN_ENTITLEMENTS = VoiceTest/VoiceTest.entitlements;
				CODE_SIGN_STYLE = Automatic;
				COMBINE_HIDPI_IMAGES = YES;
				CURRENT_PROJECT_VERSION = 1;
				DEVELOPMENT_ASSET_PATHS = "\"VoiceTest/Preview Content\"";
				DEVELOPMENT_TEAM = PU59A74F57;
				ENABLE_HARDENED_RUNTIME = YES;
				ENABLE_PREVIEWS = YES;
				GENERATE_INFOPLIST_FILE = YES;
				INFOPLIST_FILE = VoiceTest/Info.plist;
				INFOPLIST_KEY_NSHumanReadableCopyright = "";
				INFOPLIST_KEY_NSMicrophoneUsageDescription = Microphone;
				LD_RUNPATH_SEARCH_PATHS = (
					"$(inherited)",
					"@executable_path/../Frameworks",
				);
				MARKETING_VERSION = 1.0;
				PRODUCT_BUNDLE_IDENTIFIER = com.johnnastos.VoiceTest;
				PRODUCT_NAME = "$(TARGET_NAME)";
				SWIFT_EMIT_LOC_STRINGS = YES;
				SWIFT_OBJC_BRIDGING_HEADER = "VoiceTest/VoiceTest-Bridging-Header.h";
				SWIFT_VERSION = 5.0;
			};
			name = Release;
		};
/* End XCBuildConfiguration section */

/* Begin XCConfigurationList section */
		D23DA65928537EB60061CAE0 /* Build configuration list for PBXProject "VoiceTest" */ = {
			isa = XCConfigurationList;
			buildConfigurations = (
				D23DA66B28537EB70061CAE0 /* Debug */,
				D23DA66C28537EB70061CAE0 /* Release */,
			);
			defaultConfigurationIsVisible = 0;
			defaultConfigurationName = Release;
		};
		D23DA66D28537EB70061CAE0 /* Build configuration list for PBXNativeTarget "VoiceTest" */ = {
			isa = XCConfigurationList;
			buildConfigurations = (
				D23DA66E28537EB70061CAE0 /* Debug */,
				D23DA66F28537EB70061CAE0 /* Release */,
			);
			defaultConfigurationIsVisible = 0;
			defaultConfigurationName = Release;
		};
/* End XCConfigurationList section */

/* Begin XCRemoteSwiftPackageReference section */
		D23DA67C28539D5B0061CAE0 /* XCRemoteSwiftPackageReference "TPCircularBuffer" */ = {
			isa = XCRemoteSwiftPackageReference;
			repositoryURL = "https://github.com/mman/TPCircularBuffer";
			requirement = {
				branch = master;
				kind = branch;
			};
		};
/* End XCRemoteSwiftPackageReference section */

/* Begin XCSwiftPackageProductDependency section */
		D23DA67D28539D5B0061CAE0 /* TPCircularBuffer */ = {
			isa = XCSwiftPackageProductDependency;
			package = D23DA67C28539D5B0061CAE0 /* XCRemoteSwiftPackageReference "TPCircularBuffer" */;
			productName = TPCircularBuffer;
		};
/* End XCSwiftPackageProductDependency section */
	};
	rootObject = D23DA65628537EB60061CAE0 /* Project object */;
}
